
Microsoft Visual Studio Solution File, Format Version 12.00
# Visual Studio Version 17
VisualStudioVersion = 17.4.33122.133
MinimumVisualStudioVersion = 10.0.40219.1
Project("{8BC9CEB8-8B4A-11D0-8D11-00A0C91BC942}") = "Engine", "Engine\Engine.vcxproj", "{29034DC9-1CDE-4D13-BFE5-32172EDBC353}"
EndProject
Project("{8BC9CEB8-8B4A-11D0-8D11-00A0C91BC942}") = "ContentManager", "ContentManager\ContentManager.vcxproj", "{1D8879AE-0A4E-4067-BF07-76CC0032C86A}"
EndProject
Project("{8BC9CEB8-8B4A-11D0-8D11-00A0C91BC942}") = "Managed", "Managed\Managed.vcxproj", "{1A0785B0-E3FA-47BD-912B-99A187AA0CD1}"
EndProject
Project("{FAE04EC0-301F-11D3-BF4B-00C04F79EFBC}") = "Editor", "Editor\Editor.csproj", "{13CA71AE-ADB2-4CEA-84BA-D6A39B11655C}"
EndProject
Project("{8BC9CEB8-8B4A-11D0-8D11-00A0C91BC942}") = "SandBox", "SandBox\SandBox.vcxproj", "{1EE9EA1E-6BAA-4DA0-A78A-E4A7FDE85AED}"
EndProject
Global
	GlobalSection(SolutionConfigurationPlatforms) = preSolution
		Debug|x64 = Debug|x64
		Release|x64 = Release|x64
	EndGlobalSection
	GlobalSection(ProjectConfigurationPlatforms) = postSolution
		{29034DC9-1CDE-4D13-BFE5-32172EDBC353}.Debug|x64.ActiveCfg = Debug|x64
		{29034DC9-1CDE-4D13-BFE5-32172EDBC353}.Debug|x64.Build.0 = Debug|x64
		{29034DC9-1CDE-4D13-BFE5-32172EDBC353}.Release|x64.ActiveCfg = Release|x64
		{29034DC9-1CDE-4D13-BFE5-32172EDBC353}.Release|x64.Build.0 = Release|x64
		{1D8879AE-0A4E-4067-BF07-76CC0032C86A}.Debug|x64.ActiveCfg = Debug|x64
		{1D8879AE-0A4E-4067-BF07-76CC0032C86A}.Debug|x64.Build.0 = Debug|x64
		{1D8879AE-0A4E-4067-BF07-76CC0032C86A}.Release|x64.ActiveCfg = Release|x64
		{1D8879AE-0A4E-4067-BF07-76CC0032C86A}.Release|x64.Build.0 = Release|x64
		{1A0785B0-E3FA-47BD-912B-99A187AA0CD1}.Debug|x64.ActiveCfg = Debug|x64
		{1A0785B0-E3FA-47BD-912B-99A187AA0CD1}.Debug|x64.Build.0 = Debug|x64
		{1A0785B0-E3FA-47BD-912B-99A187AA0CD1}.Release|x64.ActiveCfg = Release|x64
		{1A0785B0-E3FA-47BD-912B-99A187AA0CD1}.Release|x64.Build.0 = Release|x64
		{13CA71AE-ADB2-4CEA-84BA-D6A39B11655C}.Debug|x64.ActiveCfg = Debug|x64
		{13CA71AE-ADB2-4CEA-84BA-D6A39B11655C}.Debug|x64.Build.0 = Debug|x64
		{13CA71AE-ADB2-4CEA-84BA-D6A39B11655C}.Release|x64.ActiveCfg = Release|x64
		{1EE9EA1E-6BAA-4DA0-A78A-E4A7FDE85AED}.Debug|x64.ActiveCfg = Debug|x64
		{1EE9EA1E-6BAA-4DA0-A78A-E4A7FDE85AED}.Debug|x64.Build.0 = Debug|x64
		{1EE9EA1E-6BAA-4DA0-A78A-E4A7FDE85AED}.Release|x64.ActiveCfg = Release|x64
		{1EE9EA1E-6BAA-4DA0-A78A-E4A7FDE85AED}.Release|x64.Build.0 = Release|x64
	EndGlobalSection
	GlobalSection(SolutionProperties) = preSolution
		HideSolutionNode = FALSE
	EndGlobalSection
	GlobalSection(ExtensibilityGlobals) = postSolution
		SolutionGuid = {5561A28D-5B54-4B50-9C05-F8F224BE0B7A}
	EndGlobalSection
EndGlobal
