<?xml version="1.0" encoding="utf-8"?>
<Project ToolsVersion="4.0" xmlns="http://schemas.microsoft.com/developer/msbuild/2003">
  <ItemGroup>
    <ClInclude Include="common.h" />
    <ClInclude Include="Graphics\graphics.h" />
    <ClInclude Include="Graphics\cmdqueue.h" />
    <ClInclude Include="Graphics\texture.h" />
    <ClInclude Include="Graphics\rendersurface.h" />
    <ClInclude Include="Graphics\descriptorheap.h" />
    <ClInclude Include="application.h" />
    <ClInclude Include="window.h" />
    <ClInclude Include="Graphics\shaders.h" />
    <ClInclude Include="Dependencies\nameof.hpp" />
    <ClInclude Include="resource.h" />
    <ClInclude Include="scenegraph.h" />
    <ClInclude Include="components.h" />
    <ClInclude Include="Graphics\gpass.h" />
    <ClInclude Include="Graphics\rootsig.h" />
    <ClInclude Include="Content\content.h" />
    <ClInclude Include="script.h" />
    <ClInclude Include="engine.h" />
    <ClInclude Include="Graphics\depthtexture.h" />
    <ClInclude Include="Graphics\rendertexture.h" />
  </ItemGroup>
  <ItemGroup>
    <ClCompile Include="Graphics\graphics.cpp" />
    <ClCompile Include="Graphics\cmdqueue.cpp" />
    <ClCompile Include="Graphics\texture.cpp" />
    <ClCompile Include="Graphics\rendersurface.cpp" />
    <ClCompile Include="Graphics\descriptorheap.cpp" />
    <ClCompile Include="application.cpp" />
    <ClCompile Include="window.cpp" />
    <ClCompile Include="Graphics\shaders.cpp" />
    <ClCompile Include="Graphics\dllmain.cpp" />
    <ClCompile Include="dllmain.cpp" />
    <ClCompile Include="scenegraph.cpp" />
    <ClCompile Include="components.cpp" />
    <ClCompile Include="Graphics\gpass.cpp" />
    <ClCompile Include="Graphics\rootsig.cpp" />
    <ClCompile Include="Content\content.cpp" />
    <ClCompile Include="script.cpp" />
    <ClCompile Include="Graphics\depthtexture.cpp" />
    <ClCompile Include="Graphics\rendertexture.cpp" />
  </ItemGroup>
  <ItemGroup>
    <None Include="packages.config" />
  </ItemGroup>
  <ItemGroup>
    <FxCompile Include="Graphics\Shaders\Fullscreen.hlsl" />
  </ItemGroup>
  <ItemGroup>
    <ResourceCompile Include="Engine.rc" />
  </ItemGroup>
</Project>